// !$*UTF8*$!
{
	archiveVersion = 1;
	classes = {
	};
	objectVersion = 56;
	objects = {

/* Begin PBXBuildFile section */
		EA84B64A2C3593F20051E866 /* voiceRecorderApp.swift in Sources */ = {isa = PBXBuildFile; fileRef = EA84B6492C3593F20051E866 /* voiceRecorderApp.swift */; };
		EA84B64C2C3593F20051E866 /* ContentView.swift in Sources */ = {isa = PBXBuildFile; fileRef = EA84B64B2C3593F20051E866 /* ContentView.swift */; };
		EA84B64E2C3593F30051E866 /* Assets.xcassets in Resources */ = {isa = PBXBuildFile; fileRef = EA84B64D2C3593F30051E866 /* Assets.xcassets */; };
		EA84B6512C3593F30051E866 /* Preview Assets.xcassets in Resources */ = {isa = PBXBuildFile; fileRef = EA84B6502C3593F30051E866 /* Preview Assets.xcassets */; };
		EA84B65B2C3593F30051E866 /* voiceRecorderTests.swift in Sources */ = {isa = PBXBuildFile; fileRef = EA84B65A2C3593F30051E866 /* voiceRecorderTests.swift */; };
		EA84B6652C3593F30051E866 /* voiceRecorderUITests.swift in Sources */ = {isa = PBXBuildFile; fileRef = EA84B6642C3593F30051E866 /* voiceRecorderUITests.swift */; };
		EA84B6672C3593F30051E866 /* voiceRecorderUITestsLaunchTests.swift in Sources */ = {isa = PBXBuildFile; fileRef = EA84B6662C3593F30051E866 /* voiceRecorderUITestsLaunchTests.swift */; };
		EA84B6742C3596B50051E866 /* LaunchScreen.storyboard in Resources */ = {isa = PBXBuildFile; fileRef = EA84B6732C3596B50051E866 /* LaunchScreen.storyboard */; };
		EA84B67E2C359BA90051E866 /* OnboardingVIew.swift in Sources */ = {isa = PBXBuildFile; fileRef = EA84B67D2C359BA90051E866 /* OnboardingVIew.swift */; };
		EA84B6802C359BD60051E866 /* OnboardingViewModel.swift in Sources */ = {isa = PBXBuildFile; fileRef = EA84B67F2C359BD60051E866 /* OnboardingViewModel.swift */; };
/* End PBXBuildFile section */

/* Begin PBXContainerItemProxy section */
		EA84B6572C3593F30051E866 /* PBXContainerItemProxy */ = {
			isa = PBXContainerItemProxy;
			containerPortal = EA84B63E2C3593F20051E866 /* Project object */;
			proxyType = 1;
			remoteGlobalIDString = EA84B6452C3593F20051E866;
			remoteInfo = voiceRecorder;
		};
		EA84B6612C3593F30051E866 /* PBXContainerItemProxy */ = {
			isa = PBXContainerItemProxy;
			containerPortal = EA84B63E2C3593F20051E866 /* Project object */;
			proxyType = 1;
			remoteGlobalIDString = EA84B6452C3593F20051E866;
			remoteInfo = voiceRecorder;
		};
/* End PBXContainerItemProxy section */

/* Begin PBXFileReference section */
		EA84B6462C3593F20051E866 /* voiceRecorder.app */ = {isa = PBXFileReference; explicitFileType = wrapper.application; includeInIndex = 0; path = voiceRecorder.app; sourceTree = BUILT_PRODUCTS_DIR; };
		EA84B6492C3593F20051E866 /* voiceRecorderApp.swift */ = {isa = PBXFileReference; lastKnownFileType = sourcecode.swift; path = voiceRecorderApp.swift; sourceTree = "<group>"; };
		EA84B64B2C3593F20051E866 /* ContentView.swift */ = {isa = PBXFileReference; lastKnownFileType = sourcecode.swift; path = ContentView.swift; sourceTree = "<group>"; };
		EA84B64D2C3593F30051E866 /* Assets.xcassets */ = {isa = PBXFileReference; lastKnownFileType = folder.assetcatalog; path = Assets.xcassets; sourceTree = "<group>"; };
		EA84B6502C3593F30051E866 /* Preview Assets.xcassets */ = {isa = PBXFileReference; lastKnownFileType = folder.assetcatalog; path = "Preview Assets.xcassets"; sourceTree = "<group>"; };
		EA84B6562C3593F30051E866 /* voiceRecorderTests.xctest */ = {isa = PBXFileReference; explicitFileType = wrapper.cfbundle; includeInIndex = 0; path = voiceRecorderTests.xctest; sourceTree = BUILT_PRODUCTS_DIR; };
		EA84B65A2C3593F30051E866 /* voiceRecorderTests.swift */ = {isa = PBXFileReference; lastKnownFileType = sourcecode.swift; path = voiceRecorderTests.swift; sourceTree = "<group>"; };
		EA84B6602C3593F30051E866 /* voiceRecorderUITests.xctest */ = {isa = PBXFileReference; explicitFileType = wrapper.cfbundle; includeInIndex = 0; path = voiceRecorderUITests.xctest; sourceTree = BUILT_PRODUCTS_DIR; };
		EA84B6642C3593F30051E866 /* voiceRecorderUITests.swift */ = {isa = PBXFileReference; lastKnownFileType = sourcecode.swift; path = voiceRecorderUITests.swift; sourceTree = "<group>"; };
		EA84B6662C3593F30051E866 /* voiceRecorderUITestsLaunchTests.swift */ = {isa = PBXFileReference; lastKnownFileType = sourcecode.swift; path = voiceRecorderUITestsLaunchTests.swift; sourceTree = "<group>"; };
		EA84B6732C3596B50051E866 /* LaunchScreen.storyboard */ = {isa = PBXFileReference; lastKnownFileType = file.storyboard; path = LaunchScreen.storyboard; sourceTree = "<group>"; };
		EA84B67D2C359BA90051E866 /* OnboardingVIew.swift */ = {isa = PBXFileReference; lastKnownFileType = sourcecode.swift; path = OnboardingVIew.swift; sourceTree = "<group>"; };
		EA84B67F2C359BD60051E866 /* OnboardingViewModel.swift */ = {isa = PBXFileReference; lastKnownFileType = sourcecode.swift; path = OnboardingViewModel.swift; sourceTree = "<group>"; };
/* End PBXFileReference section */

/* Begin PBXFrameworksBuildPhase section */
		EA84B6432C3593F20051E866 /* Frameworks */ = {
			isa = PBXFrameworksBuildPhase;
			buildActionMask = 2147483647;
			files = (
			);
			runOnlyForDeploymentPostprocessing = 0;
		};
		EA84B6532C3593F30051E866 /* Frameworks */ = {
			isa = PBXFrameworksBuildPhase;
			buildActionMask = 2147483647;
			files = (
			);
			runOnlyForDeploymentPostprocessing = 0;
		};
		EA84B65D2C3593F30051E866 /* Frameworks */ = {
			isa = PBXFrameworksBuildPhase;
			buildActionMask = 2147483647;
			files = (
			);
			runOnlyForDeploymentPostprocessing = 0;
		};
/* End PBXFrameworksBuildPhase section */

/* Begin PBXGroup section */
		EA84B63D2C3593F20051E866 = {
			isa = PBXGroup;
			children = (
				EA84B6482C3593F20051E866 /* voiceRecorder */,
				EA84B6592C3593F30051E866 /* voiceRecorderTests */,
				EA84B6632C3593F30051E866 /* voiceRecorderUITests */,
				EA84B6472C3593F20051E866 /* Products */,
			);
			sourceTree = "<group>";
		};
		EA84B6472C3593F20051E866 /* Products */ = {
			isa = PBXGroup;
			children = (
				EA84B6462C3593F20051E866 /* voiceRecorder.app */,
				EA84B6562C3593F30051E866 /* voiceRecorderTests.xctest */,
				EA84B6602C3593F30051E866 /* voiceRecorderUITests.xctest */,
			);
			name = Products;
			sourceTree = "<group>";
		};
		EA84B6482C3593F20051E866 /* voiceRecorder */ = {
			isa = PBXGroup;
			children = (
				EA84B67A2C35981C0051E866 /* Data */,
				EA84B6792C3598110051E866 /* Presentation */,
				EA84B6782C3597FC0051E866 /* UseCase */,
				EA84B6772C3597F00051E866 /* Domain */,
				EA84B6762C3597E10051E866 /* Resource */,
				EA84B6752C3597B90051E866 /* Util */,
				EA84B6492C3593F20051E866 /* voiceRecorderApp.swift */,
				EA84B64B2C3593F20051E866 /* ContentView.swift */,
				EA84B64D2C3593F30051E866 /* Assets.xcassets */,
				EA84B6732C3596B50051E866 /* LaunchScreen.storyboard */,
				EA84B64F2C3593F30051E866 /* Preview Content */,
			);
			path = voiceRecorder;
			sourceTree = "<group>";
		};
		EA84B64F2C3593F30051E866 /* Preview Content */ = {
			isa = PBXGroup;
			children = (
				EA84B6502C3593F30051E866 /* Preview Assets.xcassets */,
			);
			path = "Preview Content";
			sourceTree = "<group>";
		};
		EA84B6592C3593F30051E866 /* voiceRecorderTests */ = {
			isa = PBXGroup;
			children = (
				EA84B65A2C3593F30051E866 /* voiceRecorderTests.swift */,
			);
			path = voiceRecorderTests;
			sourceTree = "<group>";
		};
		EA84B6632C3593F30051E866 /* voiceRecorderUITests */ = {
			isa = PBXGroup;
			children = (
				EA84B6642C3593F30051E866 /* voiceRecorderUITests.swift */,
				EA84B6662C3593F30051E866 /* voiceRecorderUITestsLaunchTests.swift */,
			);
			path = voiceRecorderUITests;
			sourceTree = "<group>";
		};
		EA84B6752C3597B90051E866 /* Util */ = {
			isa = PBXGroup;
			children = (
			);
			path = Util;
			sourceTree = "<group>";
		};
		EA84B6762C3597E10051E866 /* Resource */ = {
			isa = PBXGroup;
			children = (
			);
			path = Resource;
			sourceTree = "<group>";
		};
		EA84B6772C3597F00051E866 /* Domain */ = {
			isa = PBXGroup;
			children = (
			);
			path = Domain;
			sourceTree = "<group>";
		};
		EA84B6782C3597FC0051E866 /* UseCase */ = {
			isa = PBXGroup;
			children = (
			);
			path = UseCase;
			sourceTree = "<group>";
		};
		EA84B6792C3598110051E866 /* Presentation */ = {
			isa = PBXGroup;
			children = (
				EA84B67C2C359A950051E866 /* Onboarding */,
				EA84B67B2C359A6C0051E866 /* Common */,
			);
			path = Presentation;
			sourceTree = "<group>";
		};
		EA84B67A2C35981C0051E866 /* Data */ = {
			isa = PBXGroup;
			children = (
			);
			path = Data;
			sourceTree = "<group>";
		};
		EA84B67B2C359A6C0051E866 /* Common */ = {
			isa = PBXGroup;
			children = (
			);
			path = Common;
			sourceTree = "<group>";
		};
		EA84B67C2C359A950051E866 /* Onboarding */ = {
			isa = PBXGroup;
			children = (
				EA84B67D2C359BA90051E866 /* OnboardingVIew.swift */,
				EA84B67F2C359BD60051E866 /* OnboardingViewModel.swift */,
			);
			name = Onboarding;
			sourceTree = "<group>";
		};
/* End PBXGroup section */

/* Begin PBXNativeTarget section */
		EA84B6452C3593F20051E866 /* voiceRecorder */ = {
			isa = PBXNativeTarget;
			buildConfigurationList = EA84B66A2C3593F30051E866 /* Build configuration list for PBXNativeTarget "voiceRecorder" */;
			buildPhases = (
				EA84B6422C3593F20051E866 /* Sources */,
				EA84B6432C3593F20051E866 /* Frameworks */,
				EA84B6442C3593F20051E866 /* Resources */,
			);
			buildRules = (
			);
			dependencies = (
			);
			name = voiceRecorder;
			productName = voiceRecorder;
			productReference = EA84B6462C3593F20051E866 /* voiceRecorder.app */;
			productType = "com.apple.product-type.application";
		};
		EA84B6552C3593F30051E866 /* voiceRecorderTests */ = {
			isa = PBXNativeTarget;
			buildConfigurationList = EA84B66D2C3593F30051E866 /* Build configuration list for PBXNativeTarget "voiceRecorderTests" */;
			buildPhases = (
				EA84B6522C3593F30051E866 /* Sources */,
				EA84B6532C3593F30051E866 /* Frameworks */,
				EA84B6542C3593F30051E866 /* Resources */,
			);
			buildRules = (
			);
			dependencies = (
				EA84B6582C3593F30051E866 /* PBXTargetDependency */,
			);
			name = voiceRecorderTests;
			productName = voiceRecorderTests;
			productReference = EA84B6562C3593F30051E866 /* voiceRecorderTests.xctest */;
			productType = "com.apple.product-type.bundle.unit-test";
		};
		EA84B65F2C3593F30051E866 /* voiceRecorderUITests */ = {
			isa = PBXNativeTarget;
			buildConfigurationList = EA84B6702C3593F30051E866 /* Build configuration list for PBXNativeTarget "voiceRecorderUITests" */;
			buildPhases = (
				EA84B65C2C3593F30051E866 /* Sources */,
				EA84B65D2C3593F30051E866 /* Frameworks */,
				EA84B65E2C3593F30051E866 /* Resources */,
			);
			buildRules = (
			);
			dependencies = (
				EA84B6622C3593F30051E866 /* PBXTargetDependency */,
			);
			name = voiceRecorderUITests;
			productName = voiceRecorderUITests;
			productReference = EA84B6602C3593F30051E866 /* voiceRecorderUITests.xctest */;
			productType = "com.apple.product-type.bundle.ui-testing";
		};
/* End PBXNativeTarget section */

/* Begin PBXProject section */
		EA84B63E2C3593F20051E866 /* Project object */ = {
			isa = PBXProject;
			attributes = {
				BuildIndependentTargetsInParallel = 1;
				LastSwiftUpdateCheck = 1500;
				LastUpgradeCheck = 1500;
				TargetAttributes = {
					EA84B6452C3593F20051E866 = {
						CreatedOnToolsVersion = 15.0;
					};
					EA84B6552C3593F30051E866 = {
						CreatedOnToolsVersion = 15.0;
						TestTargetID = EA84B6452C3593F20051E866;
					};
					EA84B65F2C3593F30051E866 = {
						CreatedOnToolsVersion = 15.0;
						TestTargetID = EA84B6452C3593F20051E866;
					};
				};
			};
			buildConfigurationList = EA84B6412C3593F20051E866 /* Build configuration list for PBXProject "voiceRecorder" */;
			compatibilityVersion = "Xcode 14.0";
			developmentRegion = en;
			hasScannedForEncodings = 0;
			knownRegions = (
				en,
				Base,
			);
			mainGroup = EA84B63D2C3593F20051E866;
			productRefGroup = EA84B6472C3593F20051E866 /* Products */;
			projectDirPath = "";
			projectRoot = "";
			targets = (
				EA84B6452C3593F20051E866 /* voiceRecorder */,
				EA84B6552C3593F30051E866 /* voiceRecorderTests */,
				EA84B65F2C3593F30051E866 /* voiceRecorderUITests */,
			);
		};
/* End PBXProject section */

/* Begin PBXResourcesBuildPhase section */
		EA84B6442C3593F20051E866 /* Resources */ = {
			isa = PBXResourcesBuildPhase;
			buildActionMask = 2147483647;
			files = (
				EA84B6742C3596B50051E866 /* LaunchScreen.storyboard in Resources */,
				EA84B6512C3593F30051E866 /* Preview Assets.xcassets in Resources */,
				EA84B64E2C3593F30051E866 /* Assets.xcassets in Resources */,
			);
			runOnlyForDeploymentPostprocessing = 0;
		};
		EA84B6542C3593F30051E866 /* Resources */ = {
			isa = PBXResourcesBuildPhase;
			buildActionMask = 2147483647;
			files = (
			);
			runOnlyForDeploymentPostprocessing = 0;
		};
		EA84B65E2C3593F30051E866 /* Resources */ = {
			isa = PBXResourcesBuildPhase;
			buildActionMask = 2147483647;
			files = (
			);
			runOnlyForDeploymentPostprocessing = 0;
		};
/* End PBXResourcesBuildPhase section */

/* Begin PBXSourcesBuildPhase section */
		EA84B6422C3593F20051E866 /* Sources */ = {
			isa = PBXSourcesBuildPhase;
			buildActionMask = 2147483647;
			files = (
				EA84B67E2C359BA90051E866 /* OnboardingVIew.swift in Sources */,
				EA84B64C2C3593F20051E866 /* ContentView.swift in Sources */,
				EA84B64A2C3593F20051E866 /* voiceRecorderApp.swift in Sources */,
				EA84B6802C359BD60051E866 /* OnboardingViewModel.swift in Sources */,
			);
			runOnlyForDeploymentPostprocessing = 0;
		};
		EA84B6522C3593F30051E866 /* Sources */ = {
			isa = PBXSourcesBuildPhase;
			buildActionMask = 2147483647;
			files = (
				EA84B65B2C3593F30051E866 /* voiceRecorderTests.swift in Sources */,
			);
			runOnlyForDeploymentPostprocessing = 0;
		};
		EA84B65C2C3593F30051E866 /* Sources */ = {
			isa = PBXSourcesBuildPhase;
			buildActionMask = 2147483647;
			files = (
				EA84B6652C3593F30051E866 /* voiceRecorderUITests.swift in Sources */,
				EA84B6672C3593F30051E866 /* voiceRecorderUITestsLaunchTests.swift in Sources */,
			);
			runOnlyForDeploymentPostprocessing = 0;
		};
/* End PBXSourcesBuildPhase section */

/* Begin PBXTargetDependency section */
		EA84B6582C3593F30051E866 /* PBXTargetDependency */ = {
			isa = PBXTargetDependency;
			target = EA84B6452C3593F20051E866 /* voiceRecorder */;
			targetProxy = EA84B6572C3593F30051E866 /* PBXContainerItemProxy */;
		};
		EA84B6622C3593F30051E866 /* PBXTargetDependency */ = {
			isa = PBXTargetDependency;
			target = EA84B6452C3593F20051E866 /* voiceRecorder */;
			targetProxy = EA84B6612C3593F30051E866 /* PBXContainerItemProxy */;
		};
/* End PBXTargetDependency section */

/* Begin XCBuildConfiguration section */
		EA84B6682C3593F30051E866 /* Debug */ = {
			isa = XCBuildConfiguration;
			buildSettings = {
				ALWAYS_SEARCH_USER_PATHS = NO;
				ASSETCATALOG_COMPILER_GENERATE_SWIFT_ASSET_SYMBOL_EXTENSIONS = YES;
				CLANG_ANALYZER_NONNULL = YES;
				CLANG_ANALYZER_NUMBER_OBJECT_CONVERSION = YES_AGGRESSIVE;
				CLANG_CXX_LANGUAGE_STANDARD = "gnu++20";
				CLANG_ENABLE_MODULES = YES;
				CLANG_ENABLE_OBJC_ARC = YES;
				CLANG_ENABLE_OBJC_WEAK = YES;
				CLANG_WARN_BLOCK_CAPTURE_AUTORELEASING = YES;
				CLANG_WARN_BOOL_CONVERSION = YES;
				CLANG_WARN_COMMA = YES;
				CLANG_WARN_CONSTANT_CONVERSION = YES;
				CLANG_WARN_DEPRECATED_OBJC_IMPLEMENTATIONS = YES;
				CLANG_WARN_DIRECT_OBJC_ISA_USAGE = YES_ERROR;
				CLANG_WARN_DOCUMENTATION_COMMENTS = YES;
				CLANG_WARN_EMPTY_BODY = YES;
				CLANG_WARN_ENUM_CONVERSION = YES;
				CLANG_WARN_INFINITE_RECURSION = YES;
				CLANG_WARN_INT_CONVERSION = YES;
				CLANG_WARN_NON_LITERAL_NULL_CONVERSION = YES;
				CLANG_WARN_OBJC_IMPLICIT_RETAIN_SELF = YES;
				CLANG_WARN_OBJC_LITERAL_CONVERSION = YES;
				CLANG_WARN_OBJC_ROOT_CLASS = YES_ERROR;
				CLANG_WARN_QUOTED_INCLUDE_IN_FRAMEWORK_HEADER = YES;
				CLANG_WARN_RANGE_LOOP_ANALYSIS = YES;
				CLANG_WARN_STRICT_PROTOTYPES = YES;
				CLANG_WARN_SUSPICIOUS_MOVE = YES;
				CLANG_WARN_UNGUARDED_AVAILABILITY = YES_AGGRESSIVE;
				CLANG_WARN_UNREACHABLE_CODE = YES;
				CLANG_WARN__DUPLICATE_METHOD_MATCH = YES;
				COPY_PHASE_STRIP = NO;
				DEBUG_INFORMATION_FORMAT = dwarf;
				ENABLE_STRICT_OBJC_MSGSEND = YES;
				ENABLE_TESTABILITY = YES;
				ENABLE_USER_SCRIPT_SANDBOXING = YES;
				GCC_C_LANGUAGE_STANDARD = gnu17;
				GCC_DYNAMIC_NO_PIC = NO;
				GCC_NO_COMMON_BLOCKS = YES;
				GCC_OPTIMIZATION_LEVEL = 0;
				GCC_PREPROCESSOR_DEFINITIONS = (
					"DEBUG=1",
					"$(inherited)",
				);
				GCC_WARN_64_TO_32_BIT_CONVERSION = YES;
				GCC_WARN_ABOUT_RETURN_TYPE = YES_ERROR;
				GCC_WARN_UNDECLARED_SELECTOR = YES;
				GCC_WARN_UNINITIALIZED_AUTOS = YES_AGGRESSIVE;
				GCC_WARN_UNUSED_FUNCTION = YES;
				GCC_WARN_UNUSED_VARIABLE = YES;
				IPHONEOS_DEPLOYMENT_TARGET = 17.0;
				LOCALIZATION_PREFERS_STRING_CATALOGS = YES;
				MTL_ENABLE_DEBUG_INFO = INCLUDE_SOURCE;
				MTL_FAST_MATH = YES;
				ONLY_ACTIVE_ARCH = YES;
				SDKROOT = iphoneos;
				SWIFT_ACTIVE_COMPILATION_CONDITIONS = "DEBUG $(inherited)";
				SWIFT_OPTIMIZATION_LEVEL = "-Onone";
			};
			name = Debug;
		};
		EA84B6692C3593F30051E866 /* Release */ = {
			isa = XCBuildConfiguration;
			buildSettings = {
				ALWAYS_SEARCH_USER_PATHS = NO;
				ASSETCATALOG_COMPILER_GENERATE_SWIFT_ASSET_SYMBOL_EXTENSIONS = YES;
				CLANG_ANALYZER_NONNULL = YES;
				CLANG_ANALYZER_NUMBER_OBJECT_CONVERSION = YES_AGGRESSIVE;
				CLANG_CXX_LANGUAGE_STANDARD = "gnu++20";
				CLANG_ENABLE_MODULES = YES;
				CLANG_ENABLE_OBJC_ARC = YES;
				CLANG_ENABLE_OBJC_WEAK = YES;
				CLANG_WARN_BLOCK_CAPTURE_AUTORELEASING = YES;
				CLANG_WARN_BOOL_CONVERSION = YES;
				CLANG_WARN_COMMA = YES;
				CLANG_WARN_CONSTANT_CONVERSION = YES;
				CLANG_WARN_DEPRECATED_OBJC_IMPLEMENTATIONS = YES;
				CLANG_WARN_DIRECT_OBJC_ISA_USAGE = YES_ERROR;
				CLANG_WARN_DOCUMENTATION_COMMENTS = YES;
				CLANG_WARN_EMPTY_BODY = YES;
				CLANG_WARN_ENUM_CONVERSION = YES;
				CLANG_WARN_INFINITE_RECURSION = YES;
				CLANG_WARN_INT_CONVERSION = YES;
				CLANG_WARN_NON_LITERAL_NULL_CONVERSION = YES;
				CLANG_WARN_OBJC_IMPLICIT_RETAIN_SELF = YES;
				CLANG_WARN_OBJC_LITERAL_CONVERSION = YES;
				CLANG_WARN_OBJC_ROOT_CLASS = YES_ERROR;
				CLANG_WARN_QUOTED_INCLUDE_IN_FRAMEWORK_HEADER = YES;
				CLANG_WARN_RANGE_LOOP_ANALYSIS = YES;
				CLANG_WARN_STRICT_PROTOTYPES = YES;
				CLANG_WARN_SUSPICIOUS_MOVE = YES;
				CLANG_WARN_UNGUARDED_AVAILABILITY = YES_AGGRESSIVE;
				CLANG_WARN_UNREACHABLE_CODE = YES;
				CLANG_WARN__DUPLICATE_METHOD_MATCH = YES;
				COPY_PHASE_STRIP = NO;
				DEBUG_INFORMATION_FORMAT = "dwarf-with-dsym";
				ENABLE_NS_ASSERTIONS = NO;
				ENABLE_STRICT_OBJC_MSGSEND = YES;
				ENABLE_USER_SCRIPT_SANDBOXING = YES;
				GCC_C_LANGUAGE_STANDARD = gnu17;
				GCC_NO_COMMON_BLOCKS = YES;
				GCC_WARN_64_TO_32_BIT_CONVERSION = YES;
				GCC_WARN_ABOUT_RETURN_TYPE = YES_ERROR;
				GCC_WARN_UNDECLARED_SELECTOR = YES;
				GCC_WARN_UNINITIALIZED_AUTOS = YES_AGGRESSIVE;
				GCC_WARN_UNUSED_FUNCTION = YES;
				GCC_WARN_UNUSED_VARIABLE = YES;
				IPHONEOS_DEPLOYMENT_TARGET = 17.0;
				LOCALIZATION_PREFERS_STRING_CATALOGS = YES;
				MTL_ENABLE_DEBUG_INFO = NO;
				MTL_FAST_MATH = YES;
				SDKROOT = iphoneos;
				SWIFT_COMPILATION_MODE = wholemodule;
				VALIDATE_PRODUCT = YES;
			};
			name = Release;
		};
		EA84B66B2C3593F30051E866 /* Debug */ = {
			isa = XCBuildConfiguration;
			buildSettings = {
				ASSETCATALOG_COMPILER_APPICON_NAME = AppIcon;
				ASSETCATALOG_COMPILER_GLOBAL_ACCENT_COLOR_NAME = AccentColor;
				CODE_SIGN_STYLE = Automatic;
				CURRENT_PROJECT_VERSION = 1;
				DEVELOPMENT_ASSET_PATHS = "\"voiceRecorder/Preview Content\"";
				DEVELOPMENT_TEAM = J885S4U5AW;
				ENABLE_PREVIEWS = YES;
				GENERATE_INFOPLIST_FILE = YES;
				INFOPLIST_KEY_UIApplicationSceneManifest_Generation = YES;
				INFOPLIST_KEY_UIApplicationSupportsIndirectInputEvents = YES;
				INFOPLIST_KEY_UILaunchScreen_Generation = YES;
				INFOPLIST_KEY_UISupportedInterfaceOrientations_iPad = "UIInterfaceOrientationPortrait UIInterfaceOrientationPortraitUpsideDown UIInterfaceOrientationLandscapeLeft UIInterfaceOrientationLandscapeRight";
				INFOPLIST_KEY_UISupportedInterfaceOrientations_iPhone = "UIInterfaceOrientationPortrait UIInterfaceOrientationLandscapeLeft UIInterfaceOrientationLandscapeRight";
				LD_RUNPATH_SEARCH_PATHS = (
					"$(inherited)",
					"@executable_path/Frameworks",
				);
				MARKETING_VERSION = 1.0;
				PRODUCT_BUNDLE_IDENTIFIER = com.dw.voiceRecorder;
				PRODUCT_NAME = "$(TARGET_NAME)";
				SWIFT_EMIT_LOC_STRINGS = YES;
				SWIFT_VERSION = 5.0;
				TARGETED_DEVICE_FAMILY = "1,2";
			};
			name = Debug;
		};
		EA84B66C2C3593F30051E866 /* Release */ = {
			isa = XCBuildConfiguration;
			buildSettings = {
				ASSETCATALOG_COMPILER_APPICON_NAME = AppIcon;
				ASSETCATALOG_COMPILER_GLOBAL_ACCENT_COLOR_NAME = AccentColor;
				CODE_SIGN_STYLE = Automatic;
				CURRENT_PROJECT_VERSION = 1;
				DEVELOPMENT_ASSET_PATHS = "\"voiceRecorder/Preview Content\"";
				DEVELOPMENT_TEAM = J885S4U5AW;
				ENABLE_PREVIEWS = YES;
				GENERATE_INFOPLIST_FILE = YES;
				INFOPLIST_KEY_UIApplicationSceneManifest_Generation = YES;
				INFOPLIST_KEY_UIApplicationSupportsIndirectInputEvents = YES;
				INFOPLIST_KEY_UILaunchScreen_Generation = YES;
				INFOPLIST_KEY_UISupportedInterfaceOrientations_iPad = "UIInterfaceOrientationPortrait UIInterfaceOrientationPortraitUpsideDown UIInterfaceOrientationLandscapeLeft UIInterfaceOrientationLandscapeRight";
				INFOPLIST_KEY_UISupportedInterfaceOrientations_iPhone = "UIInterfaceOrientationPortrait UIInterfaceOrientationLandscapeLeft UIInterfaceOrientationLandscapeRight";
				LD_RUNPATH_SEARCH_PATHS = (
					"$(inherited)",
					"@executable_path/Frameworks",
				);
				MARKETING_VERSION = 1.0;
				PRODUCT_BUNDLE_IDENTIFIER = com.dw.voiceRecorder;
				PRODUCT_NAME = "$(TARGET_NAME)";
				SWIFT_EMIT_LOC_STRINGS = YES;
				SWIFT_VERSION = 5.0;
				TARGETED_DEVICE_FAMILY = "1,2";
			};
			name = Release;
		};
		EA84B66E2C3593F30051E866 /* Debug */ = {
			isa = XCBuildConfiguration;
			buildSettings = {
				ALWAYS_EMBED_SWIFT_STANDARD_LIBRARIES = YES;
				BUNDLE_LOADER = "$(TEST_HOST)";
				CODE_SIGN_STYLE = Automatic;
				CURRENT_PROJECT_VERSION = 1;
				DEVELOPMENT_TEAM = J885S4U5AW;
				GENERATE_INFOPLIST_FILE = YES;
				IPHONEOS_DEPLOYMENT_TARGET = 17.0;
				MARKETING_VERSION = 1.0;
				PRODUCT_BUNDLE_IDENTIFIER = com.dw.voiceRecorderTests;
				PRODUCT_NAME = "$(TARGET_NAME)";
				SWIFT_EMIT_LOC_STRINGS = NO;
				SWIFT_VERSION = 5.0;
				TARGETED_DEVICE_FAMILY = "1,2";
				TEST_HOST = "$(BUILT_PRODUCTS_DIR)/voiceRecorder.app/$(BUNDLE_EXECUTABLE_FOLDER_PATH)/voiceRecorder";
			};
			name = Debug;
		};
		EA84B66F2C3593F30051E866 /* Release */ = {
			isa = XCBuildConfiguration;
			buildSettings = {
				ALWAYS_EMBED_SWIFT_STANDARD_LIBRARIES = YES;
				BUNDLE_LOADER = "$(TEST_HOST)";
				CODE_SIGN_STYLE = Automatic;
				CURRENT_PROJECT_VERSION = 1;
				DEVELOPMENT_TEAM = J885S4U5AW;
				GENERATE_INFOPLIST_FILE = YES;
				IPHONEOS_DEPLOYMENT_TARGET = 17.0;
				MARKETING_VERSION = 1.0;
				PRODUCT_BUNDLE_IDENTIFIER = com.dw.voiceRecorderTests;
				PRODUCT_NAME = "$(TARGET_NAME)";
				SWIFT_EMIT_LOC_STRINGS = NO;
				SWIFT_VERSION = 5.0;
				TARGETED_DEVICE_FAMILY = "1,2";
				TEST_HOST = "$(BUILT_PRODUCTS_DIR)/voiceRecorder.app/$(BUNDLE_EXECUTABLE_FOLDER_PATH)/voiceRecorder";
			};
			name = Release;
		};
		EA84B6712C3593F30051E866 /* Debug */ = {
			isa = XCBuildConfiguration;
			buildSettings = {
				ALWAYS_EMBED_SWIFT_STANDARD_LIBRARIES = YES;
				CODE_SIGN_STYLE = Automatic;
				CURRENT_PROJECT_VERSION = 1;
				DEVELOPMENT_TEAM = J885S4U5AW;
				GENERATE_INFOPLIST_FILE = YES;
				MARKETING_VERSION = 1.0;
				PRODUCT_BUNDLE_IDENTIFIER = com.dw.voiceRecorderUITests;
				PRODUCT_NAME = "$(TARGET_NAME)";
				SWIFT_EMIT_LOC_STRINGS = NO;
				SWIFT_VERSION = 5.0;
				TARGETED_DEVICE_FAMILY = "1,2";
				TEST_TARGET_NAME = voiceRecorder;
			};
			name = Debug;
		};
		EA84B6722C3593F30051E866 /* Release */ = {
			isa = XCBuildConfiguration;
			buildSettings = {
				ALWAYS_EMBED_SWIFT_STANDARD_LIBRARIES = YES;
				CODE_SIGN_STYLE = Automatic;
				CURRENT_PROJECT_VERSION = 1;
				DEVELOPMENT_TEAM = J885S4U5AW;
				GENERATE_INFOPLIST_FILE = YES;
				MARKETING_VERSION = 1.0;
				PRODUCT_BUNDLE_IDENTIFIER = com.dw.voiceRecorderUITests;
				PRODUCT_NAME = "$(TARGET_NAME)";
				SWIFT_EMIT_LOC_STRINGS = NO;
				SWIFT_VERSION = 5.0;
				TARGETED_DEVICE_FAMILY = "1,2";
				TEST_TARGET_NAME = voiceRecorder;
			};
			name = Release;
		};
/* End XCBuildConfiguration section */

/* Begin XCConfigurationList section */
		EA84B6412C3593F20051E866 /* Build configuration list for PBXProject "voiceRecorder" */ = {
			isa = XCConfigurationList;
			buildConfigurations = (
				EA84B6682C3593F30051E866 /* Debug */,
				EA84B6692C3593F30051E866 /* Release */,
			);
			defaultConfigurationIsVisible = 0;
			defaultConfigurationName = Release;
		};
		EA84B66A2C3593F30051E866 /* Build configuration list for PBXNativeTarget "voiceRecorder" */ = {
			isa = XCConfigurationList;
			buildConfigurations = (
				EA84B66B2C3593F30051E866 /* Debug */,
				EA84B66C2C3593F30051E866 /* Release */,
			);
			defaultConfigurationIsVisible = 0;
			defaultConfigurationName = Release;
		};
		EA84B66D2C3593F30051E866 /* Build configuration list for PBXNativeTarget "voiceRecorderTests" */ = {
			isa = XCConfigurationList;
			buildConfigurations = (
				EA84B66E2C3593F30051E866 /* Debug */,
				EA84B66F2C3593F30051E866 /* Release */,
			);
			defaultConfigurationIsVisible = 0;
			defaultConfigurationName = Release;
		};
		EA84B6702C3593F30051E866 /* Build configuration list for PBXNativeTarget "voiceRecorderUITests" */ = {
			isa = XCConfigurationList;
			buildConfigurations = (
				EA84B6712C3593F30051E866 /* Debug */,
				EA84B6722C3593F30051E866 /* Release */,
			);
			defaultConfigurationIsVisible = 0;
			defaultConfigurationName = Release;
		};
/* End XCConfigurationList section */
	};
	rootObject = EA84B63E2C3593F20051E866 /* Project object */;
}
